
Microsoft Visual Studio Solution File, Format Version 12.00
# Visual Studio 15
VisualStudioVersion = 15.0.27130.2027
MinimumVisualStudioVersion = 10.0.40219.1
Project("{FAE04EC0-301F-11D3-BF4B-00C04F79EFBC}") = "AspNetCoreVideo", "AspNetCoreVideo\AspNetCoreVideo.csproj", "{CBE24F47-05E7-4AB9-921B-423868FA06FB}"
EndProject
Global
	GlobalSection(SolutionConfigurationPlatforms) = preSolution
		Debug|Any CPU = Debug|Any CPU
		Release|Any CPU = Release|Any CPU
	EndGlobalSection
	GlobalSection(ProjectConfigurationPlatforms) = postSolution
		{CBE24F47-05E7-4AB9-921B-423868FA06FB}.Debug|Any CPU.ActiveCfg = Debug|Any CPU
		{CBE24F47-05E7-4AB9-921B-423868FA06FB}.Debug|Any CPU.Build.0 = Debug|Any CPU
		{CBE24F47-05E7-4AB9-921B-423868FA06FB}.Release|Any CPU.ActiveCfg = Release|Any CPU
		{CBE24F47-05E7-4AB9-921B-423868FA06FB}.Release|Any CPU.Build.0 = Release|Any CPU
	EndGlobalSection
	GlobalSection(SolutionProperties) = preSolution
		HideSolutionNode = FALSE
	EndGlobalSection
	GlobalSection(ExtensibilityGlobals) = postSolution
		SolutionGuid = {AAFA4F03-13F6-418A-BA5D-2A78639DFCF2}
	EndGlobalSection
EndGlobal
